
Microsoft Visual Studio Solution File, Format Version 12.00
# Visual Studio Version 16
VisualStudioVersion = 16.0.808.4
MinimumVisualStudioVersion = 10.0.40219.1
Project("{FAE04EC0-301F-11D3-BF4B-00C04F79EFBC}") = "MicroGrad", "MicroGrad.csproj", "{1DEFA792-295C-4322-8570-6FC8F5D3AD7D}"
EndProject
Global
	GlobalSection(SolutionConfigurationPlatforms) = preSolution
		Debug|Any CPU = Debug|Any CPU
		Release|Any CPU = Release|Any CPU
	EndGlobalSection
	GlobalSection(ProjectConfigurationPlatforms) = postSolution
		{1DEFA792-295C-4322-8570-6FC8F5D3AD7D}.Debug|Any CPU.ActiveCfg = Debug|Any CPU
		{1DEFA792-295C-4322-8570-6FC8F5D3AD7D}.Debug|Any CPU.Build.0 = Debug|Any CPU
		{1DEFA792-295C-4322-8570-6FC8F5D3AD7D}.Release|Any CPU.ActiveCfg = Release|Any CPU
		{1DEFA792-295C-4322-8570-6FC8F5D3AD7D}.Release|Any CPU.Build.0 = Release|Any CPU
	EndGlobalSection
	GlobalSection(SolutionProperties) = preSolution
		HideSolutionNode = FALSE
	EndGlobalSection
	GlobalSection(ExtensibilityGlobals) = postSolution
		SolutionGuid = {074E76A9-6EF6-4129-BF2F-2B31AEB3602F}
	EndGlobalSection
EndGlobal
